
Microsoft Visual Studio Solution File, Format Version 12.00
# Visual Studio Version 17
VisualStudioVersion = 17.0.32112.339
MinimumVisualStudioVersion = 10.0.40219.1
Project("{9A19103F-16F7-4668-BE54-9A1E7A4F7556}") = "DD.Domain", "DD.Domain\DD.Domain.csproj", "{A6945361-01E0-473D-AAE8-9CB525D4D24C}"
EndProject
Project("{2150E333-8FDC-42A3-9474-1A3956D46DE8}") = "Solution Items", "Solution Items", "{AA299E97-F995-4124-86FA-F61BB75CFC2B}"
	ProjectSection(SolutionItems) = preProject
		Backlog.txt = Backlog.txt
		Readme.txt = Readme.txt
	EndProjectSection
EndProject
Project("{FAE04EC0-301F-11D3-BF4B-00C04F79EFBC}") = "DD.IO", "DD.IO\DD.IO.csproj", "{7882B4FD-4ECD-2068-10A2-6DB754C2A7A4}"
EndProject
Project("{FAE04EC0-301F-11D3-BF4B-00C04F79EFBC}") = "DD.Application", "DD.Application\DD.Application.csproj", "{91CA9EF8-3CB6-701F-0FA3-00FA791EA7C4}"
EndProject
Project("{FAE04EC0-301F-11D3-BF4B-00C04F79EFBC}") = "DD.Engine.Complex", "DD.Engine.Complex\DD.Engine.Complex.csproj", "{D834B81A-3703-A1CB-58F3-E570E6CD1BBC}"
EndProject
Project("{FAE04EC0-301F-11D3-BF4B-00C04F79EFBC}") = "DD.ViewModel", "DD.ViewModel\DD.ViewModel.csproj", "{E7ED996A-B6B5-59C0-9E87-E715FDBEADD0}"
EndProject
Project("{FAE04EC0-301F-11D3-BF4B-00C04F79EFBC}") = "DD.UI.Console", "DD.UI.Console\DD.UI.Console.csproj", "{0ECE6F63-0E9F-BCB9-0B99-864E31B805CA}"
EndProject
Global
	GlobalSection(SolutionConfigurationPlatforms) = preSolution
		Debug|Any CPU = Debug|Any CPU
		Release|Any CPU = Release|Any CPU
	EndGlobalSection
	GlobalSection(ProjectConfigurationPlatforms) = postSolution
		{A6945361-01E0-473D-AAE8-9CB525D4D24C}.Debug|Any CPU.ActiveCfg = Debug|Any CPU
		{A6945361-01E0-473D-AAE8-9CB525D4D24C}.Debug|Any CPU.Build.0 = Debug|Any CPU
		{A6945361-01E0-473D-AAE8-9CB525D4D24C}.Release|Any CPU.ActiveCfg = Release|Any CPU
		{A6945361-01E0-473D-AAE8-9CB525D4D24C}.Release|Any CPU.Build.0 = Release|Any CPU
		{7882B4FD-4ECD-2068-10A2-6DB754C2A7A4}.Debug|Any CPU.ActiveCfg = Debug|Any CPU
		{7882B4FD-4ECD-2068-10A2-6DB754C2A7A4}.Debug|Any CPU.Build.0 = Debug|Any CPU
		{7882B4FD-4ECD-2068-10A2-6DB754C2A7A4}.Release|Any CPU.ActiveCfg = Release|Any CPU
		{7882B4FD-4ECD-2068-10A2-6DB754C2A7A4}.Release|Any CPU.Build.0 = Release|Any CPU
		{91CA9EF8-3CB6-701F-0FA3-00FA791EA7C4}.Debug|Any CPU.ActiveCfg = Debug|Any CPU
		{91CA9EF8-3CB6-701F-0FA3-00FA791EA7C4}.Debug|Any CPU.Build.0 = Debug|Any CPU
		{91CA9EF8-3CB6-701F-0FA3-00FA791EA7C4}.Release|Any CPU.ActiveCfg = Release|Any CPU
		{91CA9EF8-3CB6-701F-0FA3-00FA791EA7C4}.Release|Any CPU.Build.0 = Release|Any CPU
		{D834B81A-3703-A1CB-58F3-E570E6CD1BBC}.Debug|Any CPU.ActiveCfg = Debug|Any CPU
		{D834B81A-3703-A1CB-58F3-E570E6CD1BBC}.Debug|Any CPU.Build.0 = Debug|Any CPU
		{D834B81A-3703-A1CB-58F3-E570E6CD1BBC}.Release|Any CPU.ActiveCfg = Release|Any CPU
		{D834B81A-3703-A1CB-58F3-E570E6CD1BBC}.Release|Any CPU.Build.0 = Release|Any CPU
		{E7ED996A-B6B5-59C0-9E87-E715FDBEADD0}.Debug|Any CPU.ActiveCfg = Debug|Any CPU
		{E7ED996A-B6B5-59C0-9E87-E715FDBEADD0}.Debug|Any CPU.Build.0 = Debug|Any CPU
		{E7ED996A-B6B5-59C0-9E87-E715FDBEADD0}.Release|Any CPU.ActiveCfg = Release|Any CPU
		{E7ED996A-B6B5-59C0-9E87-E715FDBEADD0}.Release|Any CPU.Build.0 = Release|Any CPU
		{0ECE6F63-0E9F-BCB9-0B99-864E31B805CA}.Debug|Any CPU.ActiveCfg = Debug|Any CPU
		{0ECE6F63-0E9F-BCB9-0B99-864E31B805CA}.Debug|Any CPU.Build.0 = Debug|Any CPU
		{0ECE6F63-0E9F-BCB9-0B99-864E31B805CA}.Release|Any CPU.ActiveCfg = Release|Any CPU
		{0ECE6F63-0E9F-BCB9-0B99-864E31B805CA}.Release|Any CPU.Build.0 = Release|Any CPU
	EndGlobalSection
	GlobalSection(SolutionProperties) = preSolution
		HideSolutionNode = FALSE
	EndGlobalSection
	GlobalSection(ExtensibilityGlobals) = postSolution
		SolutionGuid = {33A84893-F263-4312-9183-2A28C33BBD71}
	EndGlobalSection
EndGlobal
